
Microsoft Visual Studio Solution File, Format Version 12.00
# Visual Studio Version 16
VisualStudioVersion = 16.0.31321.278
MinimumVisualStudioVersion = 10.0.40219.1
Project("{8BC9CEB8-8B4A-11D0-8D11-00A0C91BC942}") = "MLBB", "MLBBDLL.vcxproj", "{708F8521-8C17-4C29-A2A5-F705C4E007F6}"
EndProject
Project("{8BC9CEB8-8B4A-11D0-8D11-00A0C91BC942}") = "WinTop", "..\WinTop\WinTop.vcxproj", "{2CF51751-B289-4F55-B9A2-9CAB6FD2E866}"
EndProject
Global
	GlobalSection(SolutionConfigurationPlatforms) = preSolution
		Debug|x64 = Debug|x64
		Debug|x86 = Debug|x86
		Release|x64 = Release|x64
		Release|x86 = Release|x86
	EndGlobalSection
	GlobalSection(ProjectConfigurationPlatforms) = postSolution
		{708F8521-8C17-4C29-A2A5-F705C4E007F6}.Debug|x64.ActiveCfg = Debug|x64
		{708F8521-8C17-4C29-A2A5-F705C4E007F6}.Debug|x64.Build.0 = Debug|x64
		{708F8521-8C17-4C29-A2A5-F705C4E007F6}.Debug|x86.ActiveCfg = Debug|Win32
		{708F8521-8C17-4C29-A2A5-F705C4E007F6}.Debug|x86.Build.0 = Debug|Win32
		{708F8521-8C17-4C29-A2A5-F705C4E007F6}.Release|x64.ActiveCfg = Release|x64
		{708F8521-8C17-4C29-A2A5-F705C4E007F6}.Release|x64.Build.0 = Release|x64
		{708F8521-8C17-4C29-A2A5-F705C4E007F6}.Release|x86.ActiveCfg = Release|Win32
		{708F8521-8C17-4C29-A2A5-F705C4E007F6}.Release|x86.Build.0 = Release|Win32
		{2CF51751-B289-4F55-B9A2-9CAB6FD2E866}.Debug|x64.ActiveCfg = Debug|x64
		{2CF51751-B289-4F55-B9A2-9CAB6FD2E866}.Debug|x64.Build.0 = Debug|x64
		{2CF51751-B289-4F55-B9A2-9CAB6FD2E866}.Debug|x86.ActiveCfg = Debug|Win32
		{2CF51751-B289-4F55-B9A2-9CAB6FD2E866}.Debug|x86.Build.0 = Debug|Win32
		{2CF51751-B289-4F55-B9A2-9CAB6FD2E866}.Release|x64.ActiveCfg = Release|x64
		{2CF51751-B289-4F55-B9A2-9CAB6FD2E866}.Release|x64.Build.0 = Release|x64
		{2CF51751-B289-4F55-B9A2-9CAB6FD2E866}.Release|x86.ActiveCfg = Release|Win32
		{2CF51751-B289-4F55-B9A2-9CAB6FD2E866}.Release|x86.Build.0 = Release|Win32
	EndGlobalSection
	GlobalSection(SolutionProperties) = preSolution
		HideSolutionNode = FALSE
	EndGlobalSection
	GlobalSection(ExtensibilityGlobals) = postSolution
		SolutionGuid = {CCF26FA8-C522-4C56-AD1B-4D12975BB9D9}
	EndGlobalSection
EndGlobal
